
Microsoft Visual Studio Solution File, Format Version 12.00
# Visual Studio Version 17
VisualStudioVersion = 17.8.34330.188
MinimumVisualStudioVersion = 10.0.40219.1
Project("{FAE04EC0-301F-11D3-BF4B-00C04F79EFBC}") = "TaskManagerApp", "TaskManagerApp\TaskManagerApp.csproj", "{45AC9D2A-A51C-43E2-97B6-5C6E0D739025}"
EndProject
Global
	GlobalSection(SolutionConfigurationPlatforms) = preSolution
		Debug|Any CPU = Debug|Any CPU
		Release|Any CPU = Release|Any CPU
	EndGlobalSection
	GlobalSection(ProjectConfigurationPlatforms) = postSolution
		{45AC9D2A-A51C-43E2-97B6-5C6E0D739025}.Debug|Any CPU.ActiveCfg = Debug|Any CPU
		{45AC9D2A-A51C-43E2-97B6-5C6E0D739025}.Debug|Any CPU.Build.0 = Debug|Any CPU
		{45AC9D2A-A51C-43E2-97B6-5C6E0D739025}.Release|Any CPU.ActiveCfg = Release|Any CPU
		{45AC9D2A-A51C-43E2-97B6-5C6E0D739025}.Release|Any CPU.Build.0 = Release|Any CPU
	EndGlobalSection
	GlobalSection(SolutionProperties) = preSolution
		HideSolutionNode = FALSE
	EndGlobalSection
	GlobalSection(ExtensibilityGlobals) = postSolution
		SolutionGuid = {AF74F81E-D99F-4C04-8788-590BE2B84EAB}
	EndGlobalSection
EndGlobal
